
Microsoft Visual Studio Solution File, Format Version 12.00
Project("{FAE04EC0-301F-11D3-BF4B-00C04F79EFBC}") = "DataStructures.Tests", "DataStructures.Tests\DataStructures.Tests.csproj", "{731F4B55-4E40-4608-9A6B-A695E2B41CCE}"
EndProject
Project("{FAE04EC0-301F-11D3-BF4B-00C04F79EFBC}") = "DataStructures", "DataStructures\DataStructures.csproj", "{92853408-4FDB-4053-A1BC-EEF81729CF2C}"
EndProject
Global
	GlobalSection(SolutionConfigurationPlatforms) = preSolution
		Debug|Any CPU = Debug|Any CPU
		Release|Any CPU = Release|Any CPU
	EndGlobalSection
	GlobalSection(ProjectConfigurationPlatforms) = postSolution
		{731F4B55-4E40-4608-9A6B-A695E2B41CCE}.Debug|Any CPU.ActiveCfg = Debug|Any CPU
		{731F4B55-4E40-4608-9A6B-A695E2B41CCE}.Debug|Any CPU.Build.0 = Debug|Any CPU
		{731F4B55-4E40-4608-9A6B-A695E2B41CCE}.Release|Any CPU.ActiveCfg = Release|Any CPU
		{731F4B55-4E40-4608-9A6B-A695E2B41CCE}.Release|Any CPU.Build.0 = Release|Any CPU
		{92853408-4FDB-4053-A1BC-EEF81729CF2C}.Debug|Any CPU.ActiveCfg = Debug|Any CPU
		{92853408-4FDB-4053-A1BC-EEF81729CF2C}.Debug|Any CPU.Build.0 = Debug|Any CPU
		{92853408-4FDB-4053-A1BC-EEF81729CF2C}.Release|Any CPU.ActiveCfg = Release|Any CPU
		{92853408-4FDB-4053-A1BC-EEF81729CF2C}.Release|Any CPU.Build.0 = Release|Any CPU
	EndGlobalSection
EndGlobal
